{
  "nodes": {
    "nixpkgs": {
      "locked": {
        "lastModified": 1773550620,
        "narHash": "sha256-g6LwOAlE7rMipAIpGKcdvGQ6sWvLhtpgKSShYsBaSsg=",
        "owner": "nixos",
        "repo": "nixpkgs",
        "rev": "6ea144199ebccd9b35ec53b6e9a606fb6cdc909d",
        "type": "github"
      },
      "original": {
        "owner": "nixos",
        "ref": "master",
        "repo": "nixpkgs",
        "type": "github"
      }
    },
    "root": {
      "inputs": {
        "nixpkgs": "nixpkgs"
      }
    }
  },
  "root": "root",
  "version": 7
}
